Microsoft Visual Studio Solution File, Format Version 12.00
# Visual Studio Version 17
VisualStudioVersion = 17.5.2.0
MinimumVisualStudioVersion = 10.0.40219.1
Project("{2150E333-8FDC-42A3-9474-1A3956D46DE8}") = "installer", "installer", "{1860D2E4-5C43-71D5-59A5-599A4DE1DF67}"
EndProject
Project("{2150E333-8FDC-42A3-9474-1A3956D46DE8}") = "global", "global", "{48178D9D-718B-274C-9C9C-AC7F4074CF1B}"
EndProject
Project("{2150E333-8FDC-42A3-9474-1A3956D46DE8}") = "templates", "templates", "{F5E2C11D-1FAF-F7AB-01AB-28702CF9B183}"
EndProject
Project("{2150E333-8FDC-42A3-9474-1A3956D46DE8}") = "dotnet-microservice", "dotnet-microservice", "{1FF2B2D4-0A3B-C838-013A-4D9418CD082B}"
EndProject
Project("{FAE04EC0-301F-11D3-BF4B-00C04F79EFBC}") = "API", "installer\global\templates\dotnet-microservice\templates\API.csproj", "{DB538117-5E2B-09FC-993E-AD96E7EBB4E5}"
EndProject
Project("{FAE04EC0-301F-11D3-BF4B-00C04F79EFBC}") = "Tests", "installer\global\templates\dotnet-microservice\templates\Tests.csproj", "{9051B755-EDA0-B5F4-A81B-591E712DE610}"
EndProject
Global
	GlobalSection(SolutionConfigurationPlatforms) = preSolution
		Debug|Any CPU = Debug|Any CPU
		Release|Any CPU = Release|Any CPU
	EndGlobalSection
	GlobalSection(ProjectConfigurationPlatforms) = postSolution
		{DB538117-5E2B-09FC-993E-AD96E7EBB4E5}.Debug|Any CPU.ActiveCfg = Debug|Any CPU
		{DB538117-5E2B-09FC-993E-AD96E7EBB4E5}.Debug|Any CPU.Build.0 = Debug|Any CPU
		{DB538117-5E2B-09FC-993E-AD96E7EBB4E5}.Release|Any CPU.ActiveCfg = Release|Any CPU
		{DB538117-5E2B-09FC-993E-AD96E7EBB4E5}.Release|Any CPU.Build.0 = Release|Any CPU
		{9051B755-EDA0-B5F4-A81B-591E712DE610}.Debug|Any CPU.ActiveCfg = Debug|Any CPU
		{9051B755-EDA0-B5F4-A81B-591E712DE610}.Debug|Any CPU.Build.0 = Debug|Any CPU
		{9051B755-EDA0-B5F4-A81B-591E712DE610}.Release|Any CPU.ActiveCfg = Release|Any CPU
		{9051B755-EDA0-B5F4-A81B-591E712DE610}.Release|Any CPU.Build.0 = Release|Any CPU
	EndGlobalSection
	GlobalSection(SolutionProperties) = preSolution
		HideSolutionNode = FALSE
	EndGlobalSection
	GlobalSection(NestedProjects) = preSolution
		{48178D9D-718B-274C-9C9C-AC7F4074CF1B} = {1860D2E4-5C43-71D5-59A5-599A4DE1DF67}
		{F5E2C11D-1FAF-F7AB-01AB-28702CF9B183} = {48178D9D-718B-274C-9C9C-AC7F4074CF1B}
		{1FF2B2D4-0A3B-C838-013A-4D9418CD082B} = {F5E2C11D-1FAF-F7AB-01AB-28702CF9B183}
		{DB538117-5E2B-09FC-993E-AD96E7EBB4E5} = {1FF2B2D4-0A3B-C838-013A-4D9418CD082B}
		{9051B755-EDA0-B5F4-A81B-591E712DE610} = {1FF2B2D4-0A3B-C838-013A-4D9418CD082B}
	EndGlobalSection
	GlobalSection(ExtensibilityGlobals) = postSolution
		SolutionGuid = {496459A8-89A2-4C4B-AEA9-301267DADC19}
	EndGlobalSection
EndGlobal
